{
  "name": "api",
  "version": "1.0.0",
  "lockfileVersion": 3,
  "requires": true,
  "packages": {
    "": {
      "name": "api",
      "version": "1.0.0",
      "license": "ISC",
      "dependencies": {
        "db": "file:../../../common/db"
      }
    },
    "../../../common/db": {
      "version": "2.0.0",
      "license": "ISC",
      "dependencies": {
        "@aws-sdk/client-dynamodb": "^3.410.0",
        "@aws-sdk/credential-providers": "^3.410.0",
        "@aws-sdk/lib-dynamodb": "^3.410.0",
        "logger": "file:../logger",
        "util": "^0.12.4"
      },
      "devDependencies": {
        "@babel/plugin-transform-regenerator": "^7.16.5",
        "@babel/plugin-transform-runtime": "^7.16.5",
        "@babel/preset-env": "^7.16.5"
      }
    },
    "node_modules/db": {
      "resolved": "../../../common/db",
      "link": true
    }
  }
}
